
Microsoft Visual Studio Solution File, Format Version 12.00
Project("{FAE04EC0-301F-11D3-BF4B-00C04F79EFBC}") = "Numerge", "Numerge\Numerge.csproj", "{F85E1778-DB98-4055-9416-F4AA5CF6A1F3}"
EndProject
Project("{FAE04EC0-301F-11D3-BF4B-00C04F79EFBC}") = "Numerge.Console", "Numerge.Console\Numerge.Console.csproj", "{D38DEBD2-B6CE-45A8-8DCA-8E5AA39FF42D}"
EndProject
Project("{FAE04EC0-301F-11D3-BF4B-00C04F79EFBC}") = "Numerge.MSBuild", "Numerge.MSBuild\Numerge.MSBuild.csproj", "{311467CB-6871-48CA-BD21-6F4E1DAFC5BC}"
EndProject
Global
	GlobalSection(SolutionConfigurationPlatforms) = preSolution
		Debug|Any CPU = Debug|Any CPU
		Release|Any CPU = Release|Any CPU
	EndGlobalSection
	GlobalSection(ProjectConfigurationPlatforms) = postSolution
		{F85E1778-DB98-4055-9416-F4AA5CF6A1F3}.Debug|Any CPU.ActiveCfg = Debug|Any CPU
		{F85E1778-DB98-4055-9416-F4AA5CF6A1F3}.Debug|Any CPU.Build.0 = Debug|Any CPU
		{F85E1778-DB98-4055-9416-F4AA5CF6A1F3}.Release|Any CPU.ActiveCfg = Release|Any CPU
		{F85E1778-DB98-4055-9416-F4AA5CF6A1F3}.Release|Any CPU.Build.0 = Release|Any CPU
		{D38DEBD2-B6CE-45A8-8DCA-8E5AA39FF42D}.Debug|Any CPU.ActiveCfg = Debug|Any CPU
		{D38DEBD2-B6CE-45A8-8DCA-8E5AA39FF42D}.Debug|Any CPU.Build.0 = Debug|Any CPU
		{D38DEBD2-B6CE-45A8-8DCA-8E5AA39FF42D}.Release|Any CPU.ActiveCfg = Release|Any CPU
		{D38DEBD2-B6CE-45A8-8DCA-8E5AA39FF42D}.Release|Any CPU.Build.0 = Release|Any CPU
		{311467CB-6871-48CA-BD21-6F4E1DAFC5BC}.Debug|Any CPU.ActiveCfg = Debug|Any CPU
		{311467CB-6871-48CA-BD21-6F4E1DAFC5BC}.Debug|Any CPU.Build.0 = Debug|Any CPU
		{311467CB-6871-48CA-BD21-6F4E1DAFC5BC}.Release|Any CPU.ActiveCfg = Release|Any CPU
		{311467CB-6871-48CA-BD21-6F4E1DAFC5BC}.Release|Any CPU.Build.0 = Release|Any CPU
	EndGlobalSection
EndGlobal
